
Microsoft Visual Studio Solution File, Format Version 11.00
# Visual Studio 2010
Project("{E097FAD1-6243-4DAD-9C02-E9B9EFC3FFC1}") = "Assembly-CSharp", "Assembly-CSharp.csproj", "{2BB2CF51-1E5A-285F-C3DF-2ACC0D2A41B8}"
EndProject
Project("{E097FAD1-6243-4DAD-9C02-E9B9EFC3FFC1}") = "Assembly-CSharp-Editor-firstpass", "Assembly-CSharp-Editor-firstpass.csproj", "{F3698855-B708-A691-1315-F6A7982C083E}"
EndProject
Global
	GlobalSection(SolutionConfigurationPlatforms) = preSolution
		Debug|Any CPU = Debug|Any CPU
		Release|Any CPU = Release|Any CPU
	EndGlobalSection
	GlobalSection(ProjectConfigurationPlatforms) = postSolution
		{2BB2CF51-1E5A-285F-C3DF-2ACC0D2A41B8}.Debug|Any CPU.ActiveCfg = Debug|Any CPU
		{2BB2CF51-1E5A-285F-C3DF-2ACC0D2A41B8}.Debug|Any CPU.Build.0 = Debug|Any CPU
		{2BB2CF51-1E5A-285F-C3DF-2ACC0D2A41B8}.Release|Any CPU.ActiveCfg = Release|Any CPU
		{2BB2CF51-1E5A-285F-C3DF-2ACC0D2A41B8}.Release|Any CPU.Build.0 = Release|Any CPU
		{F3698855-B708-A691-1315-F6A7982C083E}.Debug|Any CPU.ActiveCfg = Debug|Any CPU
		{F3698855-B708-A691-1315-F6A7982C083E}.Debug|Any CPU.Build.0 = Debug|Any CPU
		{F3698855-B708-A691-1315-F6A7982C083E}.Release|Any CPU.ActiveCfg = Release|Any CPU
		{F3698855-B708-A691-1315-F6A7982C083E}.Release|Any CPU.Build.0 = Release|Any CPU
	EndGlobalSection
	GlobalSection(SolutionProperties) = preSolution
		HideSolutionNode = FALSE
	EndGlobalSection
EndGlobal
